
Microsoft Visual Studio Solution File, Format Version 12.00
# Visual Studio 2013
VisualStudioVersion = 12.0.31101.0
MinimumVisualStudioVersion = 10.0.40219.1
Project("{FAE04EC0-301F-11D3-BF4B-00C04F79EFBC}") = "CodedHomes.Models", "CodedHomes.Models\CodedHomes.Models.csproj", "{87E47949-174E-43EA-BA5C-6F7204562617}"
EndProject
Project("{FAE04EC0-301F-11D3-BF4B-00C04F79EFBC}") = "CodedHomes.Data", "..\CodedHomes\CodedHomes.Data\CodedHomes.Data.csproj", "{00C1E6AD-E1C3-4FB6-B5E9-ED1391BB1997}"
EndProject
Project("{FAE04EC0-301F-11D3-BF4B-00C04F79EFBC}") = "CodedHomes.ConsoleApp", "CodedHomes.ConsoleApp\CodedHomes.ConsoleApp.csproj", "{01D94ACA-40FE-45EC-9019-0B759AF312D2}"
EndProject
Project("{FAE04EC0-301F-11D3-BF4B-00C04F79EFBC}") = "CodedHomes.Web", "CodedHomes.Web\CodedHomes.Web.csproj", "{7973F832-6B1B-4A90-838E-BA46598100B8}"
EndProject
Global
	GlobalSection(SolutionConfigurationPlatforms) = preSolution
		Debug|Any CPU = Debug|Any CPU
		Release|Any CPU = Release|Any CPU
	EndGlobalSection
	GlobalSection(ProjectConfigurationPlatforms) = postSolution
		{87E47949-174E-43EA-BA5C-6F7204562617}.Debug|Any CPU.ActiveCfg = Debug|Any CPU
		{87E47949-174E-43EA-BA5C-6F7204562617}.Debug|Any CPU.Build.0 = Debug|Any CPU
		{87E47949-174E-43EA-BA5C-6F7204562617}.Release|Any CPU.ActiveCfg = Release|Any CPU
		{87E47949-174E-43EA-BA5C-6F7204562617}.Release|Any CPU.Build.0 = Release|Any CPU
		{00C1E6AD-E1C3-4FB6-B5E9-ED1391BB1997}.Debug|Any CPU.ActiveCfg = Debug|Any CPU
		{00C1E6AD-E1C3-4FB6-B5E9-ED1391BB1997}.Debug|Any CPU.Build.0 = Debug|Any CPU
		{00C1E6AD-E1C3-4FB6-B5E9-ED1391BB1997}.Release|Any CPU.ActiveCfg = Release|Any CPU
		{00C1E6AD-E1C3-4FB6-B5E9-ED1391BB1997}.Release|Any CPU.Build.0 = Release|Any CPU
		{01D94ACA-40FE-45EC-9019-0B759AF312D2}.Debug|Any CPU.ActiveCfg = Debug|Any CPU
		{01D94ACA-40FE-45EC-9019-0B759AF312D2}.Debug|Any CPU.Build.0 = Debug|Any CPU
		{01D94ACA-40FE-45EC-9019-0B759AF312D2}.Release|Any CPU.ActiveCfg = Release|Any CPU
		{01D94ACA-40FE-45EC-9019-0B759AF312D2}.Release|Any CPU.Build.0 = Release|Any CPU
		{7973F832-6B1B-4A90-838E-BA46598100B8}.Debug|Any CPU.ActiveCfg = Debug|Any CPU
		{7973F832-6B1B-4A90-838E-BA46598100B8}.Debug|Any CPU.Build.0 = Debug|Any CPU
		{7973F832-6B1B-4A90-838E-BA46598100B8}.Release|Any CPU.ActiveCfg = Release|Any CPU
		{7973F832-6B1B-4A90-838E-BA46598100B8}.Release|Any CPU.Build.0 = Release|Any CPU
	EndGlobalSection
	GlobalSection(SolutionProperties) = preSolution
		HideSolutionNode = FALSE
	EndGlobalSection
EndGlobal
